version: 2
updatedAt: 2026-08-30

upstreams:
  - id: secondhand-mcp
    repository: https://github.com/jlsookiki/secondhand-mcp
    sha: 6241a770013348c3f69db3a5301999c536e0e700
    license: MIT
    role: planned-code-donor
    allowedUses:
      - facebook-graphql-collector
      - retry-and-backoff
      - parser-tests
    status: not-yet-incorporated

  - id: facebook-marketplace-nationwide
    repository: https://github.com/gmoz22/facebook-marketplace-nationwide
    sha: d5f02ea075e89e6f8e2460cb218f1077dcaee2e8
    license: MIT
    role: planned-data-donor
    allowedUses:
      - argentina-location-identifiers
      - marketplace-query-parameters
    status: not-yet-incorporated

  - id: busca-empleos
    repository: https://github.com/marcostoledo96/busca_empleos
    sha: 38455d152963794a8e07a5b324a2c0f03dd265e3
    license: owner-authorized-reuse
    role: owned-code-reference
    allowedUses:
      - source-registry-pattern
      - normalization-pattern
      - deterministic-rules
      - strict-ai-parser
      - evaluation-cache
      - test-structure
    status: not-yet-incorporated

  - id: ai-marketplace-monitor
    repository: https://github.com/BoPeng/ai-marketplace-monitor
    sha: 16394b3e2a8c232f6d78a942fb85237f4e193a85
    license: AGPL-3.0
    role: reference-only
    allowedUses:
      - functional-comparison
      - layout-study
      - test-case-inspiration
    status: code-copy-prohibited-without-license-decision

  - id: fb-car-bot
    repository: https://github.com/evanoseen/fb-car-bot
    sha: c0f293dc24153bc73500bf6d26033b3064f0d0eb
    license: MIT
    role: reference-only
    allowedUses:
      - local-session-pattern
      - operational-reference
    status: code-copy-requires-independent-review

  - id: mattpocock-skills
    repository: https://github.com/mattpocock/skills
    sha: 6654f6b60cd9d5be8b54c6fafe44346dabeb3b76
    license: MIT
    role: incorporated-adapted-workflow-skills
    allowedUses:
      - domain-modeling-skill
      - codebase-design-skill
      - module-boundaries-skill
      - supporting-resources
    status: incorporated-under-.agents/skills
    lock: .agents/skills.lock.yml

  - id: gentle-ai
    repository: https://github.com/Gentleman-Programming/gentle-ai
    sha: 8e5c79b08c14b5ecded4a449e7d21cd526f52e94
    release: v2.5.0-rc.3
    license: MIT
    role: external-workflow-tool
    allowedUses:
      - antigravity-routing
      - optional-sdd-lifecycle
      - optional-review-rdd
      - skill-registry
    status: pinned-not-vendored
    lock: GENTLE_AI.lock.yml

  - id: actions-checkout
    repository: https://github.com/actions/checkout
    release: v7.0.1
    sha: 3d3c42e5aac5ba805825da76410c181273ba90b1
    license: MIT
    role: ci-action
    allowedUses:
      - ci-checkout
    status: pinned-ci-action

  - id: actions-setup-node
    repository: https://github.com/actions/setup-node
    release: v7.0.0
    sha: 820762786026740c76f36085b0efc47a31fe5020
    license: MIT
    role: ci-action
    allowedUses:
      - ci-node-setup
    status: pinned-ci-action

  - id: pnpm-action-setup
    repository: https://github.com/pnpm/action-setup
    release: v6.0.10
    sha: 0977fd99725f1db4007ccb2928dbb4e90d06cc86
    license: MIT
    role: ci-action
    allowedUses:
      - ci-pnpm-setup
    status: pinned-ci-action
